
Microsoft Visual Studio Solution File, Format Version 12.00
# Visual Studio Version 17
VisualStudioVersion = 17.9.34714.143
MinimumVisualStudioVersion = 10.0.40219.1
Project("{9A19103F-16F7-4668-BE54-9A1E7A4F7556}") = "Ultimate POS Api", "Ultimate POS Api.csproj", "{876D2676-65D8-4606-84FF-BD195301063F}"
EndProject
Project("{FAE04EC0-301F-11D3-BF4B-00C04F79EFBC}") = "UltimateApiGateWay", "..\UltimateApiGateWay\UltimateApiGateWay.csproj", "{9F089FE7-4523-444A-9C0B-37790B1FF725}"
EndProject
Global
	GlobalSection(SolutionConfigurationPlatforms) = preSolution
		Debug|Any CPU = Debug|Any CPU
		Release|Any CPU = Release|Any CPU
	EndGlobalSection
	GlobalSection(ProjectConfigurationPlatforms) = postSolution
		{876D2676-65D8-4606-84FF-BD195301063F}.Debug|Any CPU.ActiveCfg = Debug|Any CPU
		{876D2676-65D8-4606-84FF-BD195301063F}.Debug|Any CPU.Build.0 = Debug|Any CPU
		{876D2676-65D8-4606-84FF-BD195301063F}.Release|Any CPU.ActiveCfg = Release|Any CPU
		{876D2676-65D8-4606-84FF-BD195301063F}.Release|Any CPU.Build.0 = Release|Any CPU
		{9F089FE7-4523-444A-9C0B-37790B1FF725}.Debug|Any CPU.ActiveCfg = Debug|Any CPU
		{9F089FE7-4523-444A-9C0B-37790B1FF725}.Debug|Any CPU.Build.0 = Debug|Any CPU
		{9F089FE7-4523-444A-9C0B-37790B1FF725}.Release|Any CPU.ActiveCfg = Release|Any CPU
		{9F089FE7-4523-444A-9C0B-37790B1FF725}.Release|Any CPU.Build.0 = Release|Any CPU
	EndGlobalSection
	GlobalSection(SolutionProperties) = preSolution
		HideSolutionNode = FALSE
	EndGlobalSection
	GlobalSection(ExtensibilityGlobals) = postSolution
		SolutionGuid = {5897D1A1-8C39-4E44-96D8-BD4D3E31ED50}
	EndGlobalSection
EndGlobal
